
Microsoft Visual Studio Solution File, Format Version 12.00
# Visual Studio Version 17
VisualStudioVersion = 17.8.34511.84
MinimumVisualStudioVersion = 10.0.40219.1
Project("{9A19103F-16F7-4668-BE54-9A1E7A4F7556}") = "ScorubaTestWebApi", "ScorubaTestWebApi\ScorubaTestWebApi.csproj", "{CB193126-9CB2-430D-ACEA-4666C52289E6}"
EndProject
Project("{9A19103F-16F7-4668-BE54-9A1E7A4F7556}") = "WebApplication1", "WebApplication1\WebApplication1.csproj", "{3573D5F6-4A3D-4EC4-B3C6-EB35944AD447}"
EndProject
Project("{FAE04EC0-301F-11D3-BF4B-00C04F79EFBC}") = "TenantTest.Data", "TenantTest.Data\TenantTest.Data.csproj", "{7DC5F286-DB59-4848-B4DC-42A58127C656}"
EndProject
Global
	GlobalSection(SolutionConfigurationPlatforms) = preSolution
		Debug|Any CPU = Debug|Any CPU
		Release|Any CPU = Release|Any CPU
	EndGlobalSection
	GlobalSection(ProjectConfigurationPlatforms) = postSolution
		{CB193126-9CB2-430D-ACEA-4666C52289E6}.Debug|Any CPU.ActiveCfg = Debug|Any CPU
		{CB193126-9CB2-430D-ACEA-4666C52289E6}.Debug|Any CPU.Build.0 = Debug|Any CPU
		{CB193126-9CB2-430D-ACEA-4666C52289E6}.Release|Any CPU.ActiveCfg = Release|Any CPU
		{CB193126-9CB2-430D-ACEA-4666C52289E6}.Release|Any CPU.Build.0 = Release|Any CPU
		{3573D5F6-4A3D-4EC4-B3C6-EB35944AD447}.Debug|Any CPU.ActiveCfg = Debug|Any CPU
		{3573D5F6-4A3D-4EC4-B3C6-EB35944AD447}.Debug|Any CPU.Build.0 = Debug|Any CPU
		{3573D5F6-4A3D-4EC4-B3C6-EB35944AD447}.Release|Any CPU.ActiveCfg = Release|Any CPU
		{3573D5F6-4A3D-4EC4-B3C6-EB35944AD447}.Release|Any CPU.Build.0 = Release|Any CPU
		{7DC5F286-DB59-4848-B4DC-42A58127C656}.Debug|Any CPU.ActiveCfg = Debug|Any CPU
		{7DC5F286-DB59-4848-B4DC-42A58127C656}.Debug|Any CPU.Build.0 = Debug|Any CPU
		{7DC5F286-DB59-4848-B4DC-42A58127C656}.Release|Any CPU.ActiveCfg = Release|Any CPU
		{7DC5F286-DB59-4848-B4DC-42A58127C656}.Release|Any CPU.Build.0 = Release|Any CPU
	EndGlobalSection
	GlobalSection(SolutionProperties) = preSolution
		HideSolutionNode = FALSE
	EndGlobalSection
	GlobalSection(ExtensibilityGlobals) = postSolution
		SolutionGuid = {773D1B3C-E64E-4B84-9B95-6EC80AFF000A}
	EndGlobalSection
EndGlobal
